github.com/MSA-Software-LLC/adhan-go v0.1.0 h1:b3ODchkgjFWk8oZiPaRq7Xz8Oz8en30iDf0b/GFJa28=
github.com/MSA-Software-LLC/adhan-go v0.1.0/go.mod h1:RS/HUn19K/SJYxWrX79JR+cvt4419hrSXK46k/r4V/g=
github.com/hablullah/go-juliandays v1.0.1-0.20220316153050-f56193695a5b h1:Qp6WC5idnPxaUQpX50s+1jrrjIqaCSuCu2BkQgGx/tQ=
github.com/hablullah/go-juliandays v1.0.1-0.20220316153050-f56193695a5b/go.mod h1:0JOYq4oFOuDja+oospuc61YoX+uNEn7Z6uHYTbBzdGc=
github.com/hablullah/go-prayer v1.1.1 h1:pxIj6mJPSBNe2w3G1XUgkGTRXyGzRkwRUkLAjU1b6os=
github.com/hablullah/go-prayer v1.1.1/go.mod h1:SIKN4PmnPu/jbvTM/9mepX19FyWvLRcFPyvKfMDsyYw=
github.com/hablullah/go-sampa v1.0.0 h1:8SiiPC7LktYsBYkoitGGPRL416TDXjkECRZsAkUbgy4=
github.com/hablullah/go-sampa v1.0.0/go.mod h1:NgDnpqL95HgRPkal510TVk7tI6+aLwO3wJgoj0dQ4Pc=
github.com/joho/godotenv v1.5.1 h1:7eLL/+HRGLY0ldzfGMeQkb7vMd0as4CfYvUVzLqw0N0=
github.com/joho/godotenv v1.5.1/go.mod h1:f4LDr5Voq0i2e/R5DDNOoa2zzDfwtkZa6DnEwAbqwq4=
